
Microsoft Visual Studio Solution File, Format Version 12.00
# Visual Studio Version 17
VisualStudioVersion = 17.5.33516.290
MinimumVisualStudioVersion = 10.0.40219.1
Project("{FAE04EC0-301F-11D3-BF4B-00C04F79EFBC}") = "LeetCodeSolutions", "LeetCodeSolutions\LeetCodeSolutions.csproj", "{E3D7CE22-122B-495B-82AA-43E16A24C11B}"
EndProject
Project("{FAE04EC0-301F-11D3-BF4B-00C04F79EFBC}") = "NUnit.Test.LeetCodeSolutions", "NUnit.Test.LeetCodeSolutions\NUnit.Test.LeetCodeSolutions.csproj", "{B4561D20-77AD-41CE-BC6C-6D2CDB49F7DA}"
EndProject
Global
	GlobalSection(SolutionConfigurationPlatforms) = preSolution
		Debug|Any CPU = Debug|Any CPU
		Release|Any CPU = Release|Any CPU
	EndGlobalSection
	GlobalSection(ProjectConfigurationPlatforms) = postSolution
		{E3D7CE22-122B-495B-82AA-43E16A24C11B}.Debug|Any CPU.ActiveCfg = Debug|Any CPU
		{E3D7CE22-122B-495B-82AA-43E16A24C11B}.Debug|Any CPU.Build.0 = Debug|Any CPU
		{E3D7CE22-122B-495B-82AA-43E16A24C11B}.Release|Any CPU.ActiveCfg = Release|Any CPU
		{E3D7CE22-122B-495B-82AA-43E16A24C11B}.Release|Any CPU.Build.0 = Release|Any CPU
		{B4561D20-77AD-41CE-BC6C-6D2CDB49F7DA}.Debug|Any CPU.ActiveCfg = Debug|Any CPU
		{B4561D20-77AD-41CE-BC6C-6D2CDB49F7DA}.Debug|Any CPU.Build.0 = Debug|Any CPU
		{B4561D20-77AD-41CE-BC6C-6D2CDB49F7DA}.Release|Any CPU.ActiveCfg = Release|Any CPU
		{B4561D20-77AD-41CE-BC6C-6D2CDB49F7DA}.Release|Any CPU.Build.0 = Release|Any CPU
	EndGlobalSection
	GlobalSection(SolutionProperties) = preSolution
		HideSolutionNode = FALSE
	EndGlobalSection
	GlobalSection(ExtensibilityGlobals) = postSolution
		SolutionGuid = {965FE467-6D14-4722-9B95-103E4974BD0A}
	EndGlobalSection
EndGlobal
